# This file was autogenerated by uv via the following command:
#    uv pip compile requirements.txt -o uv.lock
annotated-types==0.7.0
    # via pydantic
asttokens==3.0.0
    # via stack-data
attrs==25.3.0
    # via
    #   jsonschema
    #   referencing
backcall==0.2.0
    # via ipython
configparser==7.1.0
    # via -r requirements.txt
decorator==5.2.1
    # via ipython
executing==2.2.0
    # via stack-data
fastjsonschema==2.20.0
    # via -r requirements.txt
greenlet==3.1.1
    # via sqlalchemy
ifaddr==0.2.0
    # via -r requirements.txt
ipython==8.12.3
    # via -r requirements.txt
jedi==0.19.2
    # via ipython
jsonschema==4.23.0
    # via -r requirements.txt
jsonschema-specifications==2024.10.1
    # via jsonschema
matplotlib-inline==0.1.7
    # via ipython
msgspec==0.18.6
    # via -r requirements.txt
numpy==2.1.2
    # via
    #   -r requirements.txt
    #   pandas
pandas==2.2.3
    # via -r requirements.txt
parso==0.8.4
    # via jedi
pexpect==4.9.0
    # via ipython
pickleshare==0.7.5
    # via ipython
prompt-toolkit==3.0.50
    # via ipython
ptyprocess==0.7.0
    # via pexpect
pure-eval==0.2.3
    # via stack-data
pydantic==2.9.2
    # via -r requirements.txt
pydantic-core==2.23.4
    # via pydantic
pygments==2.19.1
    # via ipython
python-dateutil==2.9.0.post0
    # via pandas
pytz==2025.2
    # via pandas
pyzmq==26.2.0
    # via -r requirements.txt
referencing==0.36.2
    # via
    #   jsonschema
    #   jsonschema-specifications
rpds-py==0.24.0
    # via
    #   jsonschema
    #   referencing
serpent==1.41
    # via -r requirements.txt
six==1.17.0
    # via python-dateutil
sqlalchemy==2.0.30
    # via -r requirements.txt
stack-data==0.6.3
    # via ipython
tornado==6.4.1
    # via -r requirements.txt
traitlets==5.14.3
    # via
    #   ipython
    #   matplotlib-inline
typing-extensions==4.13.2
    # via
    #   pydantic
    #   pydantic-core
    #   referencing
    #   sqlalchemy
tzdata==2025.2
    # via pandas
uvloop==0.20.0
    # via -r requirements.txt
wcwidth==0.2.13
    # via prompt-toolkit
