# This file was autogenerated by uv via the following command:
#    uv pip compile requirements.txt -o uv.lock
argon2-cffi==23.1.0
    # via -r requirements.txt
argon2-cffi-bindings==21.2.0
    # via argon2-cffi
attrs==25.3.0
    # via
    #   jsonschema
    #   referencing
cffi==1.17.1
    # via argon2-cffi-bindings
greenlet==3.1.1
    # via sqlalchemy
ifaddr==0.2.0
    # via -r requirements.txt
jsonschema==4.22.0
    # via -r requirements.txt
jsonschema-specifications==2024.10.1
    # via jsonschema
msgspec==0.18.6
    # via -r requirements.txt
pycparser==2.22
    # via cffi
pyzmq==26.4.0
    # via -r requirements.txt
referencing==0.36.2
    # via
    #   jsonschema
    #   jsonschema-specifications
rpds-py==0.24.0
    # via
    #   jsonschema
    #   referencing
sqlalchemy==2.0.21
    # via
    #   -r requirements.txt
    #   sqlalchemy-utils
sqlalchemy-utils==0.41.1
    # via -r requirements.txt
tornado==6.3.3
    # via -r requirements.txt
typing-extensions==4.13.2
    # via
    #   referencing
    #   sqlalchemy
